%{"base64url": {:hex, :base64url, "0.0.1", "36a90125f5948e3afd7be97662a1504b934dd5dac78451ca6e9abf85a10286be", [:rebar], []},
  "blacksmith": {:git, "git://github.com/batate/blacksmith.git", "779cfab391c28083536476c23789e3706b925d1b", []},
  "certifi": {:hex, :certifi, "0.3.0"},
  "combine": {:hex, :combine, "0.7.0"},
  "comeonin": {:hex, :comeonin, "2.0.1", "65d35f127ca33c57ff7119e31ceee36c4847f7352e09476ddfc28f9bafed1c6e", [:mix, :make, :make], []},
  "connection": {:hex, :connection, "1.0.2", "f4a06dd3ecae4141aa66f94ce92ea4c4b8753069472814932f1cadbc3078ab80", [:mix], []},
  "cowboy": {:hex, :cowboy, "1.0.4", "a324a8df9f2316c833a470d918aaf73ae894278b8aa6226ce7a9bf699388f878", [:rebar, :make], [{:cowlib, "~> 1.0.0", [hex: :cowlib, optional: false]}, {:ranch, "~> 1.0", [hex: :ranch, optional: false]}]},
  "cowlib": {:hex, :cowlib, "1.0.2", "9d769a1d062c9c3ac753096f868ca121e2730b9a377de23dec0f7e08b1df84ee", [:make], []},
  "decimal": {:hex, :decimal, "1.1.1", "a8ff5b673105e6cdaca96f799aeefc6f07142881b616c65db16e14e556b16e76", [:mix], []},
  "earmark": {:hex, :earmark, "0.2.1", "ba6d26ceb16106d069b289df66751734802777a3cbb6787026dd800ffeb850f3", [:mix], []},
  "ecto": {:hex, :ecto, "1.1.1", "9432c1f7da8d91ffb7ee1ac7f8a7b55c893a227553e5ed7f4d59e0423d48e551", [:mix], [{:sbroker, "~> 0.7", [hex: :sbroker, optional: true]}, {:postgrex, "~> 0.10", [hex: :postgrex, optional: true]}, {:poolboy, "~> 1.4", [hex: :poolboy, optional: false]}, {:poison, "~> 1.0", [hex: :poison, optional: true]}, {:mariaex, "~> 0.5", [hex: :mariaex, optional: true]}, {:decimal, "~> 1.0", [hex: :decimal, optional: false]}]},
  "eiconv": {:git, "https://github.com/zotonic/eiconv.git", "644fb5e7bd6640fbd073f4d28957914ea979aea0", []},
  "ex_doc": {:hex, :ex_doc, "0.11.4", "a064bdb720594c3745b94709b17ffb834fd858b4e0c1f48f37c0d92700759e02", [:mix], [{:earmark, "~> 0.1.17 or ~> 0.2", [hex: :earmark, optional: true]}]},
  "faker": {:hex, :faker, "0.6.0", "2d2ff0879d6b10fab5fb47eb2c1149b811e4af780a17022aa249deb3a7156d2b", [:mix], []},
  "gen_smtp": {:hex, :gen_smtp, "0.9.0", "abddf6a464c593395ea70226db27c6b1fde48076de7ba5c8cc3e3a1d6c41b4f8", [:rebar], []},
  "guardian": {:hex, :guardian, "0.9.1", "e4c355e58dbff04a332f882148a2e95577c7e7107a20dbdff1a7615267caa0f9", [:mix], [{:uuid, ">=1.1.1", [hex: :uuid, optional: false]}, {:poison, "~> 1.5", [hex: :poison, optional: false]}, {:plug, "~> 1.0", [hex: :plug, optional: false]}, {:jose, "~> 1.4", [hex: :jose, optional: false]}]},
  "guardian_db": {:hex, :guardian_db, "0.4.0", "1eeceb5b4187571de7560b84cf096cf469a496ba1a1b3a7283c4c4eace4f1a7d", [:mix], [{:postgrex, ">= 0.9.1", [hex: :postgrex, optional: false]}, {:guardian, "~>0.9.0", [hex: :guardian, optional: false]}, {:ecto, ">= 0.11.0", [hex: :ecto, optional: false]}]},
  "hackney": {:hex, :hackney, "1.4.8"},
  "idna": {:hex, :idna, "1.0.3"},
  "jose": {:hex, :jose, "1.6.0", "c331613f1f32c9fc03210892937ef219905bbb18cf28adc90e21c4dfaa6aa147", [:mix, :rebar], [{:base64url, "~> 0.0.1", [hex: :base64url, optional: false]}]},
  "mailman": {:git, "https://github.com/Joe-noh/mailman.git", "48af1c86697933f2773195d194854bedf932f099", []},
  "meck": {:hex, :meck, "0.8.4", "59ca1cd971372aa223138efcf9b29475bde299e1953046a0c727184790ab1520", [:rebar, :make], []},
  "mimerl": {:hex, :mimerl, "1.0.2"},
  "mock": {:hex, :mock, "0.1.1", "e21469ca27ba32aa7b18b61699db26f7a778171b21c0e5deb6f1218a53278574", [:mix], [{:meck, "~> 0.8.2", [hex: :meck, optional: false]}]},
  "phoenix": {:hex, :phoenix, "1.1.3", "0d5a4b6013db63f68b606f5edd860a0189702ac33cc22cb5d7c861b4a37a6c10", [:mix], [{:poison, "~> 1.5 or ~> 2.0", [hex: :poison, optional: false]}, {:plug, "~> 1.0", [hex: :plug, optional: false]}, {:cowboy, "~> 1.0", [hex: :cowboy, optional: true]}]},
  "plug": {:hex, :plug, "1.1.0", "69078a481549b81e879e169fbe099a509baf8d6a793db757f39f86258f91db07", [:mix], [{:cowboy, "~> 1.0", [hex: :cowboy, optional: true]}]},
  "poison": {:hex, :poison, "1.5.2", "560bdfb7449e3ddd23a096929fb9fc2122f709bcc758b2d5d5a5c7d0ea848910", [:mix], []},
  "poolboy": {:hex, :poolboy, "1.5.1", "6b46163901cfd0a1b43d692657ed9d7e599853b3b21b95ae5ae0a777cf9b6ca8", [:rebar], []},
  "postgrex": {:hex, :postgrex, "0.10.0", "98cf581bbb921d696db261d1a9e1740252714dbea1f9224d3291d58f2d88ea82", [:mix], [{:decimal, "~> 1.0", [hex: :decimal, optional: false]}, {:connection, "~> 1.0", [hex: :connection, optional: false]}]},
  "ranch": {:hex, :ranch, "1.2.1", "a6fb992c10f2187b46ffd17ce398ddf8a54f691b81768f9ef5f461ea7e28c762", [:make], []},
  "secure_random": {:hex, :secure_random, "0.2.0", "d5458ab5613410439c21a2fdbc52e98e6c96338f3ea25d08220c30cfc55f1238", [:mix], []},
  "ssl_verify_hostname": {:hex, :ssl_verify_hostname, "1.0.5"},
  "timex": {:hex, :timex, "1.0.0"},
  "tzdata": {:hex, :tzdata, "0.5.6"},
  "ueberauth": {:hex, :ueberauth, "0.2.0", "9160c601b468c6692462a56be7ad8890d1a2d84519d7d9c4541da5b07d6495e1", [:mix], [{:plug, "~> 1.0", [hex: :plug, optional: false]}]},
  "uuid": {:hex, :uuid, "1.1.2", "add3d0a6324ac2e3974855822ddf1cd4e270d8c136a75bcb71332bd4956b0563", [:mix], []}}
